// !$*UTF8*$!
{
	archiveVersion = 1;
	classes = {
	};
	objectVersion = 51;
	objects = {

/* Begin PBXBuildFile section */
		42FB12C9BCD73F1379F51905 /* Pods_WeShare.framework in Frameworks */ = {isa = PBXBuildFile; fileRef = 68569C0329A153044D7177A8 /* Pods_WeShare.framework */; };
		FB113A1A247B658400CC924D /* LoginViewController.swift in Sources */ = {isa = PBXBuildFile; fileRef = FB113A19247B658400CC924D /* LoginViewController.swift */; };
		FB1646A6247B75A10092F083 /* TextFieldExtensions.swift in Sources */ = {isa = PBXBuildFile; fileRef = FB1646A5247B75A10092F083 /* TextFieldExtensions.swift */; };
		FB1646E6247CBE8F0092F083 /* MulticastDelegate.swift in Sources */ = {isa = PBXBuildFile; fileRef = FB1646E5247CBE8F0092F083 /* MulticastDelegate.swift */; };
		FB1646E8247CBEAD0092F083 /* DatabaseProtocol.swift in Sources */ = {isa = PBXBuildFile; fileRef = FB1646E7247CBEAD0092F083 /* DatabaseProtocol.swift */; };
		FB1646EA247CC75D0092F083 /* Listing.swift in Sources */ = {isa = PBXBuildFile; fileRef = FB1646E9247CC75D0092F083 /* Listing.swift */; };
		FB1646EC247CC7690092F083 /* User.swift in Sources */ = {isa = PBXBuildFile; fileRef = FB1646EB247CC7690092F083 /* User.swift */; };
		FB1646EE247CC79B0092F083 /* Category.swift in Sources */ = {isa = PBXBuildFile; fileRef = FB1646ED247CC79B0092F083 /* Category.swift */; };
		FB1646F0247CDBC10092F083 /* FirebaseController.swift in Sources */ = {isa = PBXBuildFile; fileRef = FB1646EF247CDBC10092F083 /* FirebaseController.swift */; };
		FB1646F2247D25A80092F083 /* GoogleService-Info.plist in Resources */ = {isa = PBXBuildFile; fileRef = FB1646F1247D25A80092F083 /* GoogleService-Info.plist */; };
		FB16471F247E0F610092F083 /* MapViewController.swift in Sources */ = {isa = PBXBuildFile; fileRef = FB16471E247E0F610092F083 /* MapViewController.swift */; };
		FB164721247E64EF0092F083 /* MapAnnotation.swift in Sources */ = {isa = PBXBuildFile; fileRef = FB164720247E64EF0092F083 /* MapAnnotation.swift */; };
		FB282852247FF15E00E114E5 /* ListingImageView.swift in Sources */ = {isa = PBXBuildFile; fileRef = FB282851247FF15E00E114E5 /* ListingImageView.swift */; };
		FB282854247FF29700E114E5 /* NewListingViewController.swift in Sources */ = {isa = PBXBuildFile; fileRef = FB282853247FF29700E114E5 /* NewListingViewController.swift */; };
		FB28285C24802E0F00E114E5 /* PickCategoryDelegate.swift in Sources */ = {isa = PBXBuildFile; fileRef = FB28285B24802E0F00E114E5 /* PickCategoryDelegate.swift */; };
		FB28285E24802E7400E114E5 /* CategoriesTableViewController.swift in Sources */ = {isa = PBXBuildFile; fileRef = FB28285D24802E7400E114E5 /* CategoriesTableViewController.swift */; };
		FB28286124802EE200E114E5 /* CategoryCell.swift in Sources */ = {isa = PBXBuildFile; fileRef = FB28286024802EE200E114E5 /* CategoryCell.swift */; };
		FB282863248036A700E114E5 /* FloatingLabelTextField.swift in Sources */ = {isa = PBXBuildFile; fileRef = FB282862248036A700E114E5 /* FloatingLabelTextField.swift */; };
		FB28286724805B8C00E114E5 /* ListingTableViewCell.swift in Sources */ = {isa = PBXBuildFile; fileRef = FB28286624805B8C00E114E5 /* ListingTableViewCell.swift */; };
		FB28286924805C9B00E114E5 /* ListingDetailViewController.swift in Sources */ = {isa = PBXBuildFile; fileRef = FB28286824805C9B00E114E5 /* ListingDetailViewController.swift */; };
		FB714F2D2476E267007FFFA9 /* AppDelegate.swift in Sources */ = {isa = PBXBuildFile; fileRef = FB714F2C2476E267007FFFA9 /* AppDelegate.swift */; };
		FB714F2F2476E267007FFFA9 /* SceneDelegate.swift in Sources */ = {isa = PBXBuildFile; fileRef = FB714F2E2476E267007FFFA9 /* SceneDelegate.swift */; };
		FB714F312476E267007FFFA9 /* ViewController.swift in Sources */ = {isa = PBXBuildFile; fileRef = FB714F302476E267007FFFA9 /* ViewController.swift */; };
		FB714F342476E267007FFFA9 /* Main.storyboard in Resources */ = {isa = PBXBuildFile; fileRef = FB714F322476E267007FFFA9 /* Main.storyboard */; };
		FB714F362476E26B007FFFA9 /* Assets.xcassets in Resources */ = {isa = PBXBuildFile; fileRef = FB714F352476E26B007FFFA9 /* Assets.xcassets */; };
		FB714F392476E26B007FFFA9 /* LaunchScreen.storyboard in Resources */ = {isa = PBXBuildFile; fileRef = FB714F372476E26B007FFFA9 /* LaunchScreen.storyboard */; };
		FBA9D012247AD0DE0064669A /* NearbyListingsViewController.swift in Sources */ = {isa = PBXBuildFile; fileRef = FBA9D011247AD0DE0064669A /* NearbyListingsViewController.swift */; };
		FBF13D9724927D6300808865 /* AddressSuggestion.swift in Sources */ = {isa = PBXBuildFile; fileRef = FBF13D9624927D6300808865 /* AddressSuggestion.swift */; };
/* End PBXBuildFile section */

/* Begin PBXFileReference section */
		21567F047608FDBE6B9747ED /* Pods-WeShare.debug.xcconfig */ = {isa = PBXFileReference; includeInIndex = 1; lastKnownFileType = text.xcconfig; name = "Pods-WeShare.debug.xcconfig"; path = "Target Support Files/Pods-WeShare/Pods-WeShare.debug.xcconfig"; sourceTree = "<group>"; };
		2BE8B77A2A806E1E7BCFA7AC /* Pods-WeShare.release.xcconfig */ = {isa = PBXFileReference; includeInIndex = 1; lastKnownFileType = text.xcconfig; name = "Pods-WeShare.release.xcconfig"; path = "Target Support Files/Pods-WeShare/Pods-WeShare.release.xcconfig"; sourceTree = "<group>"; };
		68569C0329A153044D7177A8 /* Pods_WeShare.framework */ = {isa = PBXFileReference; explicitFileType = wrapper.framework; includeInIndex = 0; path = Pods_WeShare.framework; sourceTree = BUILT_PRODUCTS_DIR; };
		FB113A19247B658400CC924D /* LoginViewController.swift */ = {isa = PBXFileReference; lastKnownFileType = sourcecode.swift; path = LoginViewController.swift; sourceTree = "<group>"; };
		FB1646A5247B75A10092F083 /* TextFieldExtensions.swift */ = {isa = PBXFileReference; lastKnownFileType = sourcecode.swift; path = TextFieldExtensions.swift; sourceTree = "<group>"; };
		FB1646E5247CBE8F0092F083 /* MulticastDelegate.swift */ = {isa = PBXFileReference; lastKnownFileType = sourcecode.swift; path = MulticastDelegate.swift; sourceTree = "<group>"; };
		FB1646E7247CBEAD0092F083 /* DatabaseProtocol.swift */ = {isa = PBXFileReference; lastKnownFileType = sourcecode.swift; path = DatabaseProtocol.swift; sourceTree = "<group>"; };
		FB1646E9247CC75D0092F083 /* Listing.swift */ = {isa = PBXFileReference; lastKnownFileType = sourcecode.swift; path = Listing.swift; sourceTree = "<group>"; };
		FB1646EB247CC7690092F083 /* User.swift */ = {isa = PBXFileReference; lastKnownFileType = sourcecode.swift; path = User.swift; sourceTree = "<group>"; };
		FB1646ED247CC79B0092F083 /* Category.swift */ = {isa = PBXFileReference; lastKnownFileType = sourcecode.swift; path = Category.swift; sourceTree = "<group>"; };
		FB1646EF247CDBC10092F083 /* FirebaseController.swift */ = {isa = PBXFileReference; lastKnownFileType = sourcecode.swift; path = FirebaseController.swift; sourceTree = "<group>"; };
		FB1646F1247D25A80092F083 /* GoogleService-Info.plist */ = {isa = PBXFileReference; fileEncoding = 4; lastKnownFileType = text.plist.xml; path = "GoogleService-Info.plist"; sourceTree = "<group>"; };
		FB16471E247E0F610092F083 /* MapViewController.swift */ = {isa = PBXFileReference; lastKnownFileType = sourcecode.swift; path = MapViewController.swift; sourceTree = "<group>"; };
		FB164720247E64EF0092F083 /* MapAnnotation.swift */ = {isa = PBXFileReference; lastKnownFileType = sourcecode.swift; path = MapAnnotation.swift; sourceTree = "<group>"; };
		FB282851247FF15E00E114E5 /* ListingImageView.swift */ = {isa = PBXFileReference; lastKnownFileType = sourcecode.swift; path = ListingImageView.swift; sourceTree = "<group>"; };
		FB282853247FF29700E114E5 /* NewListingViewController.swift */ = {isa = PBXFileReference; lastKnownFileType = sourcecode.swift; path = NewListingViewController.swift; sourceTree = "<group>"; };
		FB28285B24802E0F00E114E5 /* PickCategoryDelegate.swift */ = {isa = PBXFileReference; lastKnownFileType = sourcecode.swift; path = PickCategoryDelegate.swift; sourceTree = "<group>"; };
		FB28285D24802E7400E114E5 /* CategoriesTableViewController.swift */ = {isa = PBXFileReference; lastKnownFileType = sourcecode.swift; path = CategoriesTableViewController.swift; sourceTree = "<group>"; };
		FB28286024802EE200E114E5 /* CategoryCell.swift */ = {isa = PBXFileReference; lastKnownFileType = sourcecode.swift; path = CategoryCell.swift; sourceTree = "<group>"; };
		FB282862248036A700E114E5 /* FloatingLabelTextField.swift */ = {isa = PBXFileReference; lastKnownFileType = sourcecode.swift; path = FloatingLabelTextField.swift; sourceTree = "<group>"; };
		FB28286624805B8C00E114E5 /* ListingTableViewCell.swift */ = {isa = PBXFileReference; lastKnownFileType = sourcecode.swift; path = ListingTableViewCell.swift; sourceTree = "<group>"; };
		FB28286824805C9B00E114E5 /* ListingDetailViewController.swift */ = {isa = PBXFileReference; lastKnownFileType = sourcecode.swift; path = ListingDetailViewController.swift; sourceTree = "<group>"; };
		FB714F292476E267007FFFA9 /* WeShare.app */ = {isa = PBXFileReference; explicitFileType = wrapper.application; includeInIndex = 0; path = WeShare.app; sourceTree = BUILT_PRODUCTS_DIR; };
		FB714F2C2476E267007FFFA9 /* AppDelegate.swift */ = {isa = PBXFileReference; lastKnownFileType = sourcecode.swift; path = AppDelegate.swift; sourceTree = "<group>"; };
		FB714F2E2476E267007FFFA9 /* SceneDelegate.swift */ = {isa = PBXFileReference; lastKnownFileType = sourcecode.swift; path = SceneDelegate.swift; sourceTree = "<group>"; };
		FB714F302476E267007FFFA9 /* ViewController.swift */ = {isa = PBXFileReference; lastKnownFileType = sourcecode.swift; path = ViewController.swift; sourceTree = "<group>"; };
		FB714F332476E267007FFFA9 /* Base */ = {isa = PBXFileReference; lastKnownFileType = file.storyboard; name = Base; path = Base.lproj/Main.storyboard; sourceTree = "<group>"; };
		FB714F352476E26B007FFFA9 /* Assets.xcassets */ = {isa = PBXFileReference; lastKnownFileType = folder.assetcatalog; path = Assets.xcassets; sourceTree = "<group>"; };
		FB714F382476E26B007FFFA9 /* Base */ = {isa = PBXFileReference; lastKnownFileType = file.storyboard; name = Base; path = Base.lproj/LaunchScreen.storyboard; sourceTree = "<group>"; };
		FB714F3A2476E26B007FFFA9 /* Info.plist */ = {isa = PBXFileReference; lastKnownFileType = text.plist.xml; path = Info.plist; sourceTree = "<group>"; };
		FBA9D011247AD0DE0064669A /* NearbyListingsViewController.swift */ = {isa = PBXFileReference; lastKnownFileType = sourcecode.swift; path = NearbyListingsViewController.swift; sourceTree = "<group>"; };
		FBF13D9624927D6300808865 /* AddressSuggestion.swift */ = {isa = PBXFileReference; lastKnownFileType = sourcecode.swift; path = AddressSuggestion.swift; sourceTree = "<group>"; };
/* End PBXFileReference section */

/* Begin PBXFrameworksBuildPhase section */
		FB714F262476E267007FFFA9 /* Frameworks */ = {
			isa = PBXFrameworksBuildPhase;
			buildActionMask = 2147483647;
			files = (
				42FB12C9BCD73F1379F51905 /* Pods_WeShare.framework in Frameworks */,
			);
			runOnlyForDeploymentPostprocessing = 0;
		};
/* End PBXFrameworksBuildPhase section */

/* Begin PBXGroup section */
		3C2C8606E06C3E85991D9E13 /* Frameworks */ = {
			isa = PBXGroup;
			children = (
				68569C0329A153044D7177A8 /* Pods_WeShare.framework */,
			);
			name = Frameworks;
			sourceTree = "<group>";
		};
		7FC82673C0D0B87BFA35DA73 /* Pods */ = {
			isa = PBXGroup;
			children = (
				21567F047608FDBE6B9747ED /* Pods-WeShare.debug.xcconfig */,
				2BE8B77A2A806E1E7BCFA7AC /* Pods-WeShare.release.xcconfig */,
			);
			path = Pods;
			sourceTree = "<group>";
		};
		FB1646A4247B75840092F083 /* Extensions */ = {
			isa = PBXGroup;
			children = (
				FB1646A5247B75A10092F083 /* TextFieldExtensions.swift */,
				FB282862248036A700E114E5 /* FloatingLabelTextField.swift */,
				FBF13D9624927D6300808865 /* AddressSuggestion.swift */,
			);
			path = Extensions;
			sourceTree = "<group>";
		};
		FB1646E3247CBA660092F083 /* DataModel */ = {
			isa = PBXGroup;
			children = (
				FB1646E9247CC75D0092F083 /* Listing.swift */,
				FB1646EB247CC7690092F083 /* User.swift */,
				FB1646ED247CC79B0092F083 /* Category.swift */,
			);
			path = DataModel;
			sourceTree = "<group>";
		};
		FB1646E4247CBB080092F083 /* Database */ = {
			isa = PBXGroup;
			children = (
				FB1646E5247CBE8F0092F083 /* MulticastDelegate.swift */,
				FB1646E7247CBEAD0092F083 /* DatabaseProtocol.swift */,
				FB1646EF247CDBC10092F083 /* FirebaseController.swift */,
			);
			path = Database;
			sourceTree = "<group>";
		};
		FB1646F3247D29610092F083 /* ViewControllers */ = {
			isa = PBXGroup;
			children = (
				FB113A19247B658400CC924D /* LoginViewController.swift */,
				FBA9D011247AD0DE0064669A /* NearbyListingsViewController.swift */,
				FB28286824805C9B00E114E5 /* ListingDetailViewController.swift */,
				FB282853247FF29700E114E5 /* NewListingViewController.swift */,
				FB28285D24802E7400E114E5 /* CategoriesTableViewController.swift */,
				FB16471E247E0F610092F083 /* MapViewController.swift */,
			);
			path = ViewControllers;
			sourceTree = "<group>";
		};
		FB28285524800E9900E114E5 /* ListingImage */ = {
			isa = PBXGroup;
			children = (
				FB282851247FF15E00E114E5 /* ListingImageView.swift */,
			);
			path = ListingImage;
			sourceTree = "<group>";
		};
		FB28285A24802DF900E114E5 /* Protocols */ = {
			isa = PBXGroup;
			children = (
				FB28285B24802E0F00E114E5 /* PickCategoryDelegate.swift */,
			);
			path = Protocols;
			sourceTree = "<group>";
		};
		FB28285F24802EB900E114E5 /* SubViews */ = {
			isa = PBXGroup;
			children = (
				FB28286024802EE200E114E5 /* CategoryCell.swift */,
				FB28286624805B8C00E114E5 /* ListingTableViewCell.swift */,
			);
			path = SubViews;
			sourceTree = "<group>";
		};
		FB714F202476E267007FFFA9 = {
			isa = PBXGroup;
			children = (
				FB714F2B2476E267007FFFA9 /* WeShare */,
				FB714F2A2476E267007FFFA9 /* Products */,
				7FC82673C0D0B87BFA35DA73 /* Pods */,
				3C2C8606E06C3E85991D9E13 /* Frameworks */,
			);
			sourceTree = "<group>";
		};
		FB714F2A2476E267007FFFA9 /* Products */ = {
			isa = PBXGroup;
			children = (
				FB714F292476E267007FFFA9 /* WeShare.app */,
			);
			name = Products;
			sourceTree = "<group>";
		};
		FB714F2B2476E267007FFFA9 /* WeShare */ = {
			isa = PBXGroup;
			children = (
				FB28285F24802EB900E114E5 /* SubViews */,
				FB28285A24802DF900E114E5 /* Protocols */,
				FB1646F1247D25A80092F083 /* GoogleService-Info.plist */,
				FB1646F3247D29610092F083 /* ViewControllers */,
				FB1646E4247CBB080092F083 /* Database */,
				FB1646E3247CBA660092F083 /* DataModel */,
				FB1646A4247B75840092F083 /* Extensions */,
				FB28285524800E9900E114E5 /* ListingImage */,
				FB714F2E2476E267007FFFA9 /* SceneDelegate.swift */,
				FB714F2C2476E267007FFFA9 /* AppDelegate.swift */,
				FB714F302476E267007FFFA9 /* ViewController.swift */,
				FB714F322476E267007FFFA9 /* Main.storyboard */,
				FB714F372476E26B007FFFA9 /* LaunchScreen.storyboard */,
				FB714F352476E26B007FFFA9 /* Assets.xcassets */,
				FB714F3A2476E26B007FFFA9 /* Info.plist */,
				FB164720247E64EF0092F083 /* MapAnnotation.swift */,
			);
			path = WeShare;
			sourceTree = "<group>";
		};
/* End PBXGroup section */

/* Begin PBXNativeTarget section */
		FB714F282476E267007FFFA9 /* WeShare */ = {
			isa = PBXNativeTarget;
			buildConfigurationList = FB714F3D2476E26B007FFFA9 /* Build configuration list for PBXNativeTarget "WeShare" */;
			buildPhases = (
				F858362A8EB1ABD3E5459A8E /* [CP] Check Pods Manifest.lock */,
				FB714F252476E267007FFFA9 /* Sources */,
				FB714F262476E267007FFFA9 /* Frameworks */,
				FB714F272476E267007FFFA9 /* Resources */,
				FF77518237BA7D51C3A1277B /* [CP] Embed Pods Frameworks */,
			);
			buildRules = (
			);
			dependencies = (
			);
			name = WeShare;
			productName = WeShare;
			productReference = FB714F292476E267007FFFA9 /* WeShare.app */;
			productType = "com.apple.product-type.application";
		};
/* End PBXNativeTarget section */

/* Begin PBXProject section */
		FB714F212476E267007FFFA9 /* Project object */ = {
			isa = PBXProject;
			attributes = {
				LastSwiftUpdateCheck = 1140;
				LastUpgradeCheck = 1140;
				ORGANIZATIONNAME = "Monash University";
				TargetAttributes = {
					FB714F282476E267007FFFA9 = {
						CreatedOnToolsVersion = 11.4.1;
					};
				};
			};
			buildConfigurationList = FB714F242476E267007FFFA9 /* Build configuration list for PBXProject "WeShare" */;
			compatibilityVersion = "Xcode 9.3";
			developmentRegion = en;
			hasScannedForEncodings = 0;
			knownRegions = (
				en,
				Base,
			);
			mainGroup = FB714F202476E267007FFFA9;
			productRefGroup = FB714F2A2476E267007FFFA9 /* Products */;
			projectDirPath = "";
			projectRoot = "";
			targets = (
				FB714F282476E267007FFFA9 /* WeShare */,
			);
		};
/* End PBXProject section */

/* Begin PBXResourcesBuildPhase section */
		FB714F272476E267007FFFA9 /* Resources */ = {
			isa = PBXResourcesBuildPhase;
			buildActionMask = 2147483647;
			files = (
				FB714F392476E26B007FFFA9 /* LaunchScreen.storyboard in Resources */,
				FB1646F2247D25A80092F083 /* GoogleService-Info.plist in Resources */,
				FB714F362476E26B007FFFA9 /* Assets.xcassets in Resources */,
				FB714F342476E267007FFFA9 /* Main.storyboard in Resources */,
			);
			runOnlyForDeploymentPostprocessing = 0;
		};
/* End PBXResourcesBuildPhase section */

/* Begin PBXShellScriptBuildPhase section */
		F858362A8EB1ABD3E5459A8E /* [CP] Check Pods Manifest.lock */ = {
			isa = PBXShellScriptBuildPhase;
			buildActionMask = 2147483647;
			files = (
			);
			inputFileListPaths = (
			);
			inputPaths = (
				"${PODS_PODFILE_DIR_PATH}/Podfile.lock",
				"${PODS_ROOT}/Manifest.lock",
			);
			name = "[CP] Check Pods Manifest.lock";
			outputFileListPaths = (
			);
			outputPaths = (
				"$(DERIVED_FILE_DIR)/Pods-WeShare-checkManifestLockResult.txt",
			);
			runOnlyForDeploymentPostprocessing = 0;
			shellPath = /bin/sh;
			shellScript = "diff \"${PODS_PODFILE_DIR_PATH}/Podfile.lock\" \"${PODS_ROOT}/Manifest.lock\" > /dev/null\nif [ $? != 0 ] ; then\n    # print error to STDERR\n    echo \"error: The sandbox is not in sync with the Podfile.lock. Run 'pod install' or update your CocoaPods installation.\" >&2\n    exit 1\nfi\n# This output is used by Xcode 'outputs' to avoid re-running this script phase.\necho \"SUCCESS\" > \"${SCRIPT_OUTPUT_FILE_0}\"\n";
			showEnvVarsInLog = 0;
		};
		FF77518237BA7D51C3A1277B /* [CP] Embed Pods Frameworks */ = {
			isa = PBXShellScriptBuildPhase;
			buildActionMask = 2147483647;
			files = (
			);
			inputFileListPaths = (
				"${PODS_ROOT}/Target Support Files/Pods-WeShare/Pods-WeShare-frameworks-${CONFIGURATION}-input-files.xcfilelist",
			);
			name = "[CP] Embed Pods Frameworks";
			outputFileListPaths = (
				"${PODS_ROOT}/Target Support Files/Pods-WeShare/Pods-WeShare-frameworks-${CONFIGURATION}-output-files.xcfilelist",
			);
			runOnlyForDeploymentPostprocessing = 0;
			shellPath = /bin/sh;
			shellScript = "\"${PODS_ROOT}/Target Support Files/Pods-WeShare/Pods-WeShare-frameworks.sh\"\n";
			showEnvVarsInLog = 0;
		};
/* End PBXShellScriptBuildPhase section */

/* Begin PBXSourcesBuildPhase section */
		FB714F252476E267007FFFA9 /* Sources */ = {
			isa = PBXSourcesBuildPhase;
			buildActionMask = 2147483647;
			files = (
				FB113A1A247B658400CC924D /* LoginViewController.swift in Sources */,
				FBA9D012247AD0DE0064669A /* NearbyListingsViewController.swift in Sources */,
				FB1646EA247CC75D0092F083 /* Listing.swift in Sources */,
				FB714F312476E267007FFFA9 /* ViewController.swift in Sources */,
				FB1646E6247CBE8F0092F083 /* MulticastDelegate.swift in Sources */,
				FB714F2D2476E267007FFFA9 /* AppDelegate.swift in Sources */,
				FB28285C24802E0F00E114E5 /* PickCategoryDelegate.swift in Sources */,
				FB1646A6247B75A10092F083 /* TextFieldExtensions.swift in Sources */,
				FB714F2F2476E267007FFFA9 /* SceneDelegate.swift in Sources */,
				FB282852247FF15E00E114E5 /* ListingImageView.swift in Sources */,
				FB1646E8247CBEAD0092F083 /* DatabaseProtocol.swift in Sources */,
				FB1646EC247CC7690092F083 /* User.swift in Sources */,
				FB282854247FF29700E114E5 /* NewListingViewController.swift in Sources */,
				FB164721247E64EF0092F083 /* MapAnnotation.swift in Sources */,
				FBF13D9724927D6300808865 /* AddressSuggestion.swift in Sources */,
				FB1646EE247CC79B0092F083 /* Category.swift in Sources */,
				FB28286124802EE200E114E5 /* CategoryCell.swift in Sources */,
				FB28286924805C9B00E114E5 /* ListingDetailViewController.swift in Sources */,
				FB282863248036A700E114E5 /* FloatingLabelTextField.swift in Sources */,
				FB1646F0247CDBC10092F083 /* FirebaseController.swift in Sources */,
				FB28286724805B8C00E114E5 /* ListingTableViewCell.swift in Sources */,
				FB16471F247E0F610092F083 /* MapViewController.swift in Sources */,
				FB28285E24802E7400E114E5 /* CategoriesTableViewController.swift in Sources */,
			);
			runOnlyForDeploymentPostprocessing = 0;
		};
/* End PBXSourcesBuildPhase section */

/* Begin PBXVariantGroup section */
		FB714F322476E267007FFFA9 /* Main.storyboard */ = {
			isa = PBXVariantGroup;
			children = (
				FB714F332476E267007FFFA9 /* Base */,
			);
			name = Main.storyboard;
			sourceTree = "<group>";
		};
		FB714F372476E26B007FFFA9 /* LaunchScreen.storyboard */ = {
			isa = PBXVariantGroup;
			children = (
				FB714F382476E26B007FFFA9 /* Base */,
			);
			name = LaunchScreen.storyboard;
			sourceTree = "<group>";
		};
/* End PBXVariantGroup section */

/* Begin XCBuildConfiguration section */
		FB714F3B2476E26B007FFFA9 /* Debug */ = {
			isa = XCBuildConfiguration;
			buildSettings = {
				ALWAYS_SEARCH_USER_PATHS = NO;
				CLANG_ANALYZER_NONNULL = YES;
				CLANG_ANALYZER_NUMBER_OBJECT_CONVERSION = YES_AGGRESSIVE;
				CLANG_CXX_LANGUAGE_STANDARD = "gnu++14";
				CLANG_CXX_LIBRARY = "libc++";
				CLANG_ENABLE_MODULES = YES;
				CLANG_ENABLE_OBJC_ARC = YES;
				CLANG_ENABLE_OBJC_WEAK = YES;
				CLANG_WARN_BLOCK_CAPTURE_AUTORELEASING = YES;
				CLANG_WARN_BOOL_CONVERSION = YES;
				CLANG_WARN_COMMA = YES;
				CLANG_WARN_CONSTANT_CONVERSION = YES;
				CLANG_WARN_DEPRECATED_OBJC_IMPLEMENTATIONS = YES;
				CLANG_WARN_DIRECT_OBJC_ISA_USAGE = YES_ERROR;
				CLANG_WARN_DOCUMENTATION_COMMENTS = YES;
				CLANG_WARN_EMPTY_BODY = YES;
				CLANG_WARN_ENUM_CONVERSION = YES;
				CLANG_WARN_INFINITE_RECURSION = YES;
				CLANG_WARN_INT_CONVERSION = YES;
				CLANG_WARN_NON_LITERAL_NULL_CONVERSION = YES;
				CLANG_WARN_OBJC_IMPLICIT_RETAIN_SELF = YES;
				CLANG_WARN_OBJC_LITERAL_CONVERSION = YES;
				CLANG_WARN_OBJC_ROOT_CLASS = YES_ERROR;
				CLANG_WARN_RANGE_LOOP_ANALYSIS = YES;
				CLANG_WARN_STRICT_PROTOTYPES = YES;
				CLANG_WARN_SUSPICIOUS_MOVE = YES;
				CLANG_WARN_UNGUARDED_AVAILABILITY = YES_AGGRESSIVE;
				CLANG_WARN_UNREACHABLE_CODE = YES;
				CLANG_WARN__DUPLICATE_METHOD_MATCH = YES;
				COPY_PHASE_STRIP = NO;
				DEBUG_INFORMATION_FORMAT = dwarf;
				ENABLE_STRICT_OBJC_MSGSEND = YES;
				ENABLE_TESTABILITY = YES;
				GCC_C_LANGUAGE_STANDARD = gnu11;
				GCC_DYNAMIC_NO_PIC = NO;
				GCC_NO_COMMON_BLOCKS = YES;
				GCC_OPTIMIZATION_LEVEL = 0;
				GCC_PREPROCESSOR_DEFINITIONS = (
					"DEBUG=1",
					"$(inherited)",
				);
				GCC_WARN_64_TO_32_BIT_CONVERSION = YES;
				GCC_WARN_ABOUT_RETURN_TYPE = YES_ERROR;
				GCC_WARN_UNDECLARED_SELECTOR = YES;
				GCC_WARN_UNINITIALIZED_AUTOS = YES_AGGRESSIVE;
				GCC_WARN_UNUSED_FUNCTION = YES;
				GCC_WARN_UNUSED_VARIABLE = YES;
				IPHONEOS_DEPLOYMENT_TARGET = 13.4;
				MTL_ENABLE_DEBUG_INFO = INCLUDE_SOURCE;
				MTL_FAST_MATH = YES;
				ONLY_ACTIVE_ARCH = YES;
				SDKROOT = iphoneos;
				SWIFT_ACTIVE_COMPILATION_CONDITIONS = DEBUG;
				SWIFT_OPTIMIZATION_LEVEL = "-Onone";
			};
			name = Debug;
		};
		FB714F3C2476E26B007FFFA9 /* Release */ = {
			isa = XCBuildConfiguration;
			buildSettings = {
				ALWAYS_SEARCH_USER_PATHS = NO;
				CLANG_ANALYZER_NONNULL = YES;
				CLANG_ANALYZER_NUMBER_OBJECT_CONVERSION = YES_AGGRESSIVE;
				CLANG_CXX_LANGUAGE_STANDARD = "gnu++14";
				CLANG_CXX_LIBRARY = "libc++";
				CLANG_ENABLE_MODULES = YES;
				CLANG_ENABLE_OBJC_ARC = YES;
				CLANG_ENABLE_OBJC_WEAK = YES;
				CLANG_WARN_BLOCK_CAPTURE_AUTORELEASING = YES;
				CLANG_WARN_BOOL_CONVERSION = YES;
				CLANG_WARN_COMMA = YES;
				CLANG_WARN_CONSTANT_CONVERSION = YES;
				CLANG_WARN_DEPRECATED_OBJC_IMPLEMENTATIONS = YES;
				CLANG_WARN_DIRECT_OBJC_ISA_USAGE = YES_ERROR;
				CLANG_WARN_DOCUMENTATION_COMMENTS = YES;
				CLANG_WARN_EMPTY_BODY = YES;
				CLANG_WARN_ENUM_CONVERSION = YES;
				CLANG_WARN_INFINITE_RECURSION = YES;
				CLANG_WARN_INT_CONVERSION = YES;
				CLANG_WARN_NON_LITERAL_NULL_CONVERSION = YES;
				CLANG_WARN_OBJC_IMPLICIT_RETAIN_SELF = YES;
				CLANG_WARN_OBJC_LITERAL_CONVERSION = YES;
				CLANG_WARN_OBJC_ROOT_CLASS = YES_ERROR;
				CLANG_WARN_RANGE_LOOP_ANALYSIS = YES;
				CLANG_WARN_STRICT_PROTOTYPES = YES;
				CLANG_WARN_SUSPICIOUS_MOVE = YES;
				CLANG_WARN_UNGUARDED_AVAILABILITY = YES_AGGRESSIVE;
				CLANG_WARN_UNREACHABLE_CODE = YES;
				CLANG_WARN__DUPLICATE_METHOD_MATCH = YES;
				COPY_PHASE_STRIP = NO;
				DEBUG_INFORMATION_FORMAT = "dwarf-with-dsym";
				ENABLE_NS_ASSERTIONS = NO;
				ENABLE_STRICT_OBJC_MSGSEND = YES;
				GCC_C_LANGUAGE_STANDARD = gnu11;
				GCC_NO_COMMON_BLOCKS = YES;
				GCC_WARN_64_TO_32_BIT_CONVERSION = YES;
				GCC_WARN_ABOUT_RETURN_TYPE = YES_ERROR;
				GCC_WARN_UNDECLARED_SELECTOR = YES;
				GCC_WARN_UNINITIALIZED_AUTOS = YES_AGGRESSIVE;
				GCC_WARN_UNUSED_FUNCTION = YES;
				GCC_WARN_UNUSED_VARIABLE = YES;
				IPHONEOS_DEPLOYMENT_TARGET = 13.4;
				MTL_ENABLE_DEBUG_INFO = NO;
				MTL_FAST_MATH = YES;
				SDKROOT = iphoneos;
				SWIFT_COMPILATION_MODE = wholemodule;
				SWIFT_OPTIMIZATION_LEVEL = "-O";
				VALIDATE_PRODUCT = YES;
			};
			name = Release;
		};
		FB714F3E2476E26B007FFFA9 /* Debug */ = {
			isa = XCBuildConfiguration;
			baseConfigurationReference = 21567F047608FDBE6B9747ED /* Pods-WeShare.debug.xcconfig */;
			buildSettings = {
				ASSETCATALOG_COMPILER_APPICON_NAME = AppIcon;
				CODE_SIGN_STYLE = Automatic;
				INFOPLIST_FILE = WeShare/Info.plist;
				LD_RUNPATH_SEARCH_PATHS = (
					"$(inherited)",
					"@executable_path/Frameworks",
				);
				PRODUCT_BUNDLE_IDENTIFIER = monash.WeShare;
				PRODUCT_NAME = "$(TARGET_NAME)";
				SWIFT_VERSION = 5.0;
				TARGETED_DEVICE_FAMILY = "1,2";
			};
			name = Debug;
		};
		FB714F3F2476E26B007FFFA9 /* Release */ = {
			isa = XCBuildConfiguration;
			baseConfigurationReference = 2BE8B77A2A806E1E7BCFA7AC /* Pods-WeShare.release.xcconfig */;
			buildSettings = {
				ASSETCATALOG_COMPILER_APPICON_NAME = AppIcon;
				CODE_SIGN_STYLE = Automatic;
				INFOPLIST_FILE = WeShare/Info.plist;
				LD_RUNPATH_SEARCH_PATHS = (
					"$(inherited)",
					"@executable_path/Frameworks",
				);
				PRODUCT_BUNDLE_IDENTIFIER = monash.WeShare;
				PRODUCT_NAME = "$(TARGET_NAME)";
				SWIFT_VERSION = 5.0;
				TARGETED_DEVICE_FAMILY = "1,2";
			};
			name = Release;
		};
/* End XCBuildConfiguration section */

/* Begin XCConfigurationList section */
		FB714F242476E267007FFFA9 /* Build configuration list for PBXProject "WeShare" */ = {
			isa = XCConfigurationList;
			buildConfigurations = (
				FB714F3B2476E26B007FFFA9 /* Debug */,
				FB714F3C2476E26B007FFFA9 /* Release */,
			);
			defaultConfigurationIsVisible = 0;
			defaultConfigurationName = Release;
		};
		FB714F3D2476E26B007FFFA9 /* Build configuration list for PBXNativeTarget "WeShare" */ = {
			isa = XCConfigurationList;
			buildConfigurations = (
				FB714F3E2476E26B007FFFA9 /* Debug */,
				FB714F3F2476E26B007FFFA9 /* Release */,
			);
			defaultConfigurationIsVisible = 0;
			defaultConfigurationName = Release;
		};
/* End XCConfigurationList section */
	};
	rootObject = FB714F212476E267007FFFA9 /* Project object */;
}
